// !$*UTF8*$!
{
	archiveVersion = 1;
	classes = {
	};
	objectVersion = 56;
	objects = {

/* Begin PBXBuildFile section */
		E959C9692BA1EE05009E1D05 /* StorifyQRImageClassifierV1.mlmodel in Sources */ = {isa = PBXBuildFile; fileRef = E959C9682BA1EE05009E1D05 /* StorifyQRImageClassifierV1.mlmodel */; };
		E95E86782AEBDE7500A3161B /* BoxModelDemoApp.swift in Sources */ = {isa = PBXBuildFile; fileRef = E95E86772AEBDE7500A3161B /* BoxModelDemoApp.swift */; };
		E95E867A2AEBDE7500A3161B /* ContentView.swift in Sources */ = {isa = PBXBuildFile; fileRef = E95E86792AEBDE7500A3161B /* ContentView.swift */; };
		E95E867C2AEBDE7700A3161B /* Assets.xcassets in Resources */ = {isa = PBXBuildFile; fileRef = E95E867B2AEBDE7700A3161B /* Assets.xcassets */; };
		E95E867F2AEBDE7700A3161B /* Preview Assets.xcassets in Resources */ = {isa = PBXBuildFile; fileRef = E95E867E2AEBDE7700A3161B /* Preview Assets.xcassets */; };
		E95E86882AEBE4B500A3161B /* BoxesImageClassifier.mlmodel in Sources */ = {isa = PBXBuildFile; fileRef = E95E86872AEBE4B500A3161B /* BoxesImageClassifier.mlmodel */; };
		E9FD5EBC2AF2C71E00EF0F56 /* ImagePicker.swift in Sources */ = {isa = PBXBuildFile; fileRef = E9FD5EBB2AF2C71E00EF0F56 /* ImagePicker.swift */; };
		E9FD5EBE2AF2CE9E00EF0F56 /* Classifier.swift in Sources */ = {isa = PBXBuildFile; fileRef = E9FD5EBD2AF2CE9E00EF0F56 /* Classifier.swift */; };
		E9FD5EC02AF2E30C00EF0F56 /* ImageClassifier.swift in Sources */ = {isa = PBXBuildFile; fileRef = E9FD5EBF2AF2E30C00EF0F56 /* ImageClassifier.swift */; };
/* End PBXBuildFile section */

/* Begin PBXFileReference section */
		E959C9682BA1EE05009E1D05 /* StorifyQRImageClassifierV1.mlmodel */ = {isa = PBXFileReference; lastKnownFileType = file.mlmodel; path = StorifyQRImageClassifierV1.mlmodel; sourceTree = "<group>"; };
		E95E86742AEBDE7500A3161B /* BoxModelDemo.app */ = {isa = PBXFileReference; explicitFileType = wrapper.application; includeInIndex = 0; path = BoxModelDemo.app; sourceTree = BUILT_PRODUCTS_DIR; };
		E95E86772AEBDE7500A3161B /* BoxModelDemoApp.swift */ = {isa = PBXFileReference; lastKnownFileType = sourcecode.swift; path = BoxModelDemoApp.swift; sourceTree = "<group>"; };
		E95E86792AEBDE7500A3161B /* ContentView.swift */ = {isa = PBXFileReference; lastKnownFileType = sourcecode.swift; path = ContentView.swift; sourceTree = "<group>"; };
		E95E867B2AEBDE7700A3161B /* Assets.xcassets */ = {isa = PBXFileReference; lastKnownFileType = folder.assetcatalog; path = Assets.xcassets; sourceTree = "<group>"; };
		E95E867E2AEBDE7700A3161B /* Preview Assets.xcassets */ = {isa = PBXFileReference; lastKnownFileType = folder.assetcatalog; path = "Preview Assets.xcassets"; sourceTree = "<group>"; };
		E95E86872AEBE4B500A3161B /* BoxesImageClassifier.mlmodel */ = {isa = PBXFileReference; lastKnownFileType = file.mlmodel; path = BoxesImageClassifier.mlmodel; sourceTree = "<group>"; };
		E9FD5EBB2AF2C71E00EF0F56 /* ImagePicker.swift */ = {isa = PBXFileReference; lastKnownFileType = sourcecode.swift; path = ImagePicker.swift; sourceTree = "<group>"; };
		E9FD5EBD2AF2CE9E00EF0F56 /* Classifier.swift */ = {isa = PBXFileReference; lastKnownFileType = sourcecode.swift; path = Classifier.swift; sourceTree = "<group>"; };
		E9FD5EBF2AF2E30C00EF0F56 /* ImageClassifier.swift */ = {isa = PBXFileReference; lastKnownFileType = sourcecode.swift; path = ImageClassifier.swift; sourceTree = "<group>"; };
/* End PBXFileReference section */

/* Begin PBXFrameworksBuildPhase section */
		E95E86712AEBDE7500A3161B /* Frameworks */ = {
			isa = PBXFrameworksBuildPhase;
			buildActionMask = 2147483647;
			files = (
			);
			runOnlyForDeploymentPostprocessing = 0;
		};
/* End PBXFrameworksBuildPhase section */

/* Begin PBXGroup section */
		E95E866B2AEBDE7500A3161B = {
			isa = PBXGroup;
			children = (
				E95E86762AEBDE7500A3161B /* BoxModelDemo */,
				E95E86752AEBDE7500A3161B /* Products */,
			);
			sourceTree = "<group>";
		};
		E95E86752AEBDE7500A3161B /* Products */ = {
			isa = PBXGroup;
			children = (
				E95E86742AEBDE7500A3161B /* BoxModelDemo.app */,
			);
			name = Products;
			sourceTree = "<group>";
		};
		E95E86762AEBDE7500A3161B /* BoxModelDemo */ = {
			isa = PBXGroup;
			children = (
				E95E86872AEBE4B500A3161B /* BoxesImageClassifier.mlmodel */,
				E959C9682BA1EE05009E1D05 /* StorifyQRImageClassifierV1.mlmodel */,
				E95E86772AEBDE7500A3161B /* BoxModelDemoApp.swift */,
				E9FD5EBD2AF2CE9E00EF0F56 /* Classifier.swift */,
				E9FD5EBB2AF2C71E00EF0F56 /* ImagePicker.swift */,
				E95E86792AEBDE7500A3161B /* ContentView.swift */,
				E9FD5EBF2AF2E30C00EF0F56 /* ImageClassifier.swift */,
				E95E867B2AEBDE7700A3161B /* Assets.xcassets */,
				E95E867D2AEBDE7700A3161B /* Preview Content */,
			);
			path = BoxModelDemo;
			sourceTree = "<group>";
		};
		E95E867D2AEBDE7700A3161B /* Preview Content */ = {
			isa = PBXGroup;
			children = (
				E95E867E2AEBDE7700A3161B /* Preview Assets.xcassets */,
			);
			path = "Preview Content";
			sourceTree = "<group>";
		};
/* End PBXGroup section */

/* Begin PBXNativeTarget section */
		E95E86732AEBDE7500A3161B /* BoxModelDemo */ = {
			isa = PBXNativeTarget;
			buildConfigurationList = E95E86822AEBDE7700A3161B /* Build configuration list for PBXNativeTarget "BoxModelDemo" */;
			buildPhases = (
				E95E86702AEBDE7500A3161B /* Sources */,
				E95E86712AEBDE7500A3161B /* Frameworks */,
				E95E86722AEBDE7500A3161B /* Resources */,
			);
			buildRules = (
			);
			dependencies = (
			);
			name = BoxModelDemo;
			productName = BoxModelDemo;
			productReference = E95E86742AEBDE7500A3161B /* BoxModelDemo.app */;
			productType = "com.apple.product-type.application";
		};
/* End PBXNativeTarget section */

/* Begin PBXProject section */
		E95E866C2AEBDE7500A3161B /* Project object */ = {
			isa = PBXProject;
			attributes = {
				BuildIndependentTargetsInParallel = 1;
				LastSwiftUpdateCheck = 1500;
				LastUpgradeCheck = 1500;
				TargetAttributes = {
					E95E86732AEBDE7500A3161B = {
						CreatedOnToolsVersion = 15.0.1;
					};
				};
			};
			buildConfigurationList = E95E866F2AEBDE7500A3161B /* Build configuration list for PBXProject "BoxModelDemo" */;
			compatibilityVersion = "Xcode 14.0";
			developmentRegion = en;
			hasScannedForEncodings = 0;
			knownRegions = (
				en,
				Base,
			);
			mainGroup = E95E866B2AEBDE7500A3161B;
			productRefGroup = E95E86752AEBDE7500A3161B /* Products */;
			projectDirPath = "";
			projectRoot = "";
			targets = (
				E95E86732AEBDE7500A3161B /* BoxModelDemo */,
			);
		};
/* End PBXProject section */

/* Begin PBXResourcesBuildPhase section */
		E95E86722AEBDE7500A3161B /* Resources */ = {
			isa = PBXResourcesBuildPhase;
			buildActionMask = 2147483647;
			files = (
				E95E867F2AEBDE7700A3161B /* Preview Assets.xcassets in Resources */,
				E95E867C2AEBDE7700A3161B /* Assets.xcassets in Resources */,
			);
			runOnlyForDeploymentPostprocessing = 0;
		};
/* End PBXResourcesBuildPhase section */

/* Begin PBXSourcesBuildPhase section */
		E95E86702AEBDE7500A3161B /* Sources */ = {
			isa = PBXSourcesBuildPhase;
			buildActionMask = 2147483647;
			files = (
				E9FD5EBE2AF2CE9E00EF0F56 /* Classifier.swift in Sources */,
				E959C9692BA1EE05009E1D05 /* StorifyQRImageClassifierV1.mlmodel in Sources */,
				E95E86882AEBE4B500A3161B /* BoxesImageClassifier.mlmodel in Sources */,
				E9FD5EBC2AF2C71E00EF0F56 /* ImagePicker.swift in Sources */,
				E95E867A2AEBDE7500A3161B /* ContentView.swift in Sources */,
				E9FD5EC02AF2E30C00EF0F56 /* ImageClassifier.swift in Sources */,
				E95E86782AEBDE7500A3161B /* BoxModelDemoApp.swift in Sources */,
			);
			runOnlyForDeploymentPostprocessing = 0;
		};
/* End PBXSourcesBuildPhase section */

/* Begin XCBuildConfiguration section */
		E95E86802AEBDE7700A3161B /* Debug */ = {
			isa = XCBuildConfiguration;
			buildSettings = {
				ALWAYS_SEARCH_USER_PATHS = NO;
				ASSETCATALOG_COMPILER_GENERATE_SWIFT_ASSET_SYMBOL_EXTENSIONS = YES;
				CLANG_ANALYZER_NONNULL = YES;
				CLANG_ANALYZER_NUMBER_OBJECT_CONVERSION = YES_AGGRESSIVE;
				CLANG_CXX_LANGUAGE_STANDARD = "gnu++20";
				CLANG_ENABLE_MODULES = YES;
				CLANG_ENABLE_OBJC_ARC = YES;
				CLANG_ENABLE_OBJC_WEAK = YES;
				CLANG_WARN_BLOCK_CAPTURE_AUTORELEASING = YES;
				CLANG_WARN_BOOL_CONVERSION = YES;
				CLANG_WARN_COMMA = YES;
				CLANG_WARN_CONSTANT_CONVERSION = YES;
				CLANG_WARN_DEPRECATED_OBJC_IMPLEMENTATIONS = YES;
				CLANG_WARN_DIRECT_OBJC_ISA_USAGE = YES_ERROR;
				CLANG_WARN_DOCUMENTATION_COMMENTS = YES;
				CLANG_WARN_EMPTY_BODY = YES;
				CLANG_WARN_ENUM_CONVERSION = YES;
				CLANG_WARN_INFINITE_RECURSION = YES;
				CLANG_WARN_INT_CONVERSION = YES;
				CLANG_WARN_NON_LITERAL_NULL_CONVERSION = YES;
				CLANG_WARN_OBJC_IMPLICIT_RETAIN_SELF = YES;
				CLANG_WARN_OBJC_LITERAL_CONVERSION = YES;
				CLANG_WARN_OBJC_ROOT_CLASS = YES_ERROR;
				CLANG_WARN_QUOTED_INCLUDE_IN_FRAMEWORK_HEADER = YES;
				CLANG_WARN_RANGE_LOOP_ANALYSIS = YES;
				CLANG_WARN_STRICT_PROTOTYPES = YES;
				CLANG_WARN_SUSPICIOUS_MOVE = YES;
				CLANG_WARN_UNGUARDED_AVAILABILITY = YES_AGGRESSIVE;
				CLANG_WARN_UNREACHABLE_CODE = YES;
				CLANG_WARN__DUPLICATE_METHOD_MATCH = YES;
				COPY_PHASE_STRIP = NO;
				DEBUG_INFORMATION_FORMAT = dwarf;
				ENABLE_STRICT_OBJC_MSGSEND = YES;
				ENABLE_TESTABILITY = YES;
				ENABLE_USER_SCRIPT_SANDBOXING = YES;
				GCC_C_LANGUAGE_STANDARD = gnu17;
				GCC_DYNAMIC_NO_PIC = NO;
				GCC_NO_COMMON_BLOCKS = YES;
				GCC_OPTIMIZATION_LEVEL = 0;
				GCC_PREPROCESSOR_DEFINITIONS = (
					"DEBUG=1",
					"$(inherited)",
				);
				GCC_WARN_64_TO_32_BIT_CONVERSION = YES;
				GCC_WARN_ABOUT_RETURN_TYPE = YES_ERROR;
				GCC_WARN_UNDECLARED_SELECTOR = YES;
				GCC_WARN_UNINITIALIZED_AUTOS = YES_AGGRESSIVE;
				GCC_WARN_UNUSED_FUNCTION = YES;
				GCC_WARN_UNUSED_VARIABLE = YES;
				IPHONEOS_DEPLOYMENT_TARGET = 17.0;
				LOCALIZATION_PREFERS_STRING_CATALOGS = YES;
				MTL_ENABLE_DEBUG_INFO = INCLUDE_SOURCE;
				MTL_FAST_MATH = YES;
				ONLY_ACTIVE_ARCH = YES;
				SDKROOT = iphoneos;
				SWIFT_ACTIVE_COMPILATION_CONDITIONS = "DEBUG $(inherited)";
				SWIFT_OPTIMIZATION_LEVEL = "-Onone";
			};
			name = Debug;
		};
		E95E86812AEBDE7700A3161B /* Release */ = {
			isa = XCBuildConfiguration;
			buildSettings = {
				ALWAYS_SEARCH_USER_PATHS = NO;
				ASSETCATALOG_COMPILER_GENERATE_SWIFT_ASSET_SYMBOL_EXTENSIONS = YES;
				CLANG_ANALYZER_NONNULL = YES;
				CLANG_ANALYZER_NUMBER_OBJECT_CONVERSION = YES_AGGRESSIVE;
				CLANG_CXX_LANGUAGE_STANDARD = "gnu++20";
				CLANG_ENABLE_MODULES = YES;
				CLANG_ENABLE_OBJC_ARC = YES;
				CLANG_ENABLE_OBJC_WEAK = YES;
				CLANG_WARN_BLOCK_CAPTURE_AUTORELEASING = YES;
				CLANG_WARN_BOOL_CONVERSION = YES;
				CLANG_WARN_COMMA = YES;
				CLANG_WARN_CONSTANT_CONVERSION = YES;
				CLANG_WARN_DEPRECATED_OBJC_IMPLEMENTATIONS = YES;
				CLANG_WARN_DIRECT_OBJC_ISA_USAGE = YES_ERROR;
				CLANG_WARN_DOCUMENTATION_COMMENTS = YES;
				CLANG_WARN_EMPTY_BODY = YES;
				CLANG_WARN_ENUM_CONVERSION = YES;
				CLANG_WARN_INFINITE_RECURSION = YES;
				CLANG_WARN_INT_CONVERSION = YES;
				CLANG_WARN_NON_LITERAL_NULL_CONVERSION = YES;
				CLANG_WARN_OBJC_IMPLICIT_RETAIN_SELF = YES;
				CLANG_WARN_OBJC_LITERAL_CONVERSION = YES;
				CLANG_WARN_OBJC_ROOT_CLASS = YES_ERROR;
				CLANG_WARN_QUOTED_INCLUDE_IN_FRAMEWORK_HEADER = YES;
				CLANG_WARN_RANGE_LOOP_ANALYSIS = YES;
				CLANG_WARN_STRICT_PROTOTYPES = YES;
				CLANG_WARN_SUSPICIOUS_MOVE = YES;
				CLANG_WARN_UNGUARDED_AVAILABILITY = YES_AGGRESSIVE;
				CLANG_WARN_UNREACHABLE_CODE = YES;
				CLANG_WARN__DUPLICATE_METHOD_MATCH = YES;
				COPY_PHASE_STRIP = NO;
				DEBUG_INFORMATION_FORMAT = "dwarf-with-dsym";
				ENABLE_NS_ASSERTIONS = NO;
				ENABLE_STRICT_OBJC_MSGSEND = YES;
				ENABLE_USER_SCRIPT_SANDBOXING = YES;
				GCC_C_LANGUAGE_STANDARD = gnu17;
				GCC_NO_COMMON_BLOCKS = YES;
				GCC_WARN_64_TO_32_BIT_CONVERSION = YES;
				GCC_WARN_ABOUT_RETURN_TYPE = YES_ERROR;
				GCC_WARN_UNDECLARED_SELECTOR = YES;
				GCC_WARN_UNINITIALIZED_AUTOS = YES_AGGRESSIVE;
				GCC_WARN_UNUSED_FUNCTION = YES;
				GCC_WARN_UNUSED_VARIABLE = YES;
				IPHONEOS_DEPLOYMENT_TARGET = 17.0;
				LOCALIZATION_PREFERS_STRING_CATALOGS = YES;
				MTL_ENABLE_DEBUG_INFO = NO;
				MTL_FAST_MATH = YES;
				SDKROOT = iphoneos;
				SWIFT_COMPILATION_MODE = wholemodule;
				VALIDATE_PRODUCT = YES;
			};
			name = Release;
		};
		E95E86832AEBDE7700A3161B /* Debug */ = {
			isa = XCBuildConfiguration;
			buildSettings = {
				ASSETCATALOG_COMPILER_APPICON_NAME = AppIcon;
				ASSETCATALOG_COMPILER_GLOBAL_ACCENT_COLOR_NAME = AccentColor;
				CODE_SIGN_STYLE = Automatic;
				CURRENT_PROJECT_VERSION = 1;
				DEVELOPMENT_ASSET_PATHS = "\"BoxModelDemo/Preview Content\"";
				DEVELOPMENT_TEAM = XUYF93872P;
				ENABLE_PREVIEWS = YES;
				GENERATE_INFOPLIST_FILE = YES;
				INFOPLIST_KEY_UIApplicationSceneManifest_Generation = YES;
				INFOPLIST_KEY_UIApplicationSupportsIndirectInputEvents = YES;
				INFOPLIST_KEY_UILaunchScreen_Generation = YES;
				INFOPLIST_KEY_UISupportedInterfaceOrientations_iPad = "UIInterfaceOrientationPortrait UIInterfaceOrientationPortraitUpsideDown UIInterfaceOrientationLandscapeLeft UIInterfaceOrientationLandscapeRight";
				INFOPLIST_KEY_UISupportedInterfaceOrientations_iPhone = "UIInterfaceOrientationPortrait UIInterfaceOrientationLandscapeLeft UIInterfaceOrientationLandscapeRight";
				LD_RUNPATH_SEARCH_PATHS = (
					"$(inherited)",
					"@executable_path/Frameworks",
				);
				MARKETING_VERSION = 1.0;
				PRODUCT_BUNDLE_IDENTIFIER = com.maks.BoxModelDemo;
				PRODUCT_NAME = "$(TARGET_NAME)";
				SWIFT_EMIT_LOC_STRINGS = YES;
				SWIFT_VERSION = 5.0;
				TARGETED_DEVICE_FAMILY = "1,2";
			};
			name = Debug;
		};
		E95E86842AEBDE7700A3161B /* Release */ = {
			isa = XCBuildConfiguration;
			buildSettings = {
				ASSETCATALOG_COMPILER_APPICON_NAME = AppIcon;
				ASSETCATALOG_COMPILER_GLOBAL_ACCENT_COLOR_NAME = AccentColor;
				CODE_SIGN_STYLE = Automatic;
				CURRENT_PROJECT_VERSION = 1;
				DEVELOPMENT_ASSET_PATHS = "\"BoxModelDemo/Preview Content\"";
				DEVELOPMENT_TEAM = XUYF93872P;
				ENABLE_PREVIEWS = YES;
				GENERATE_INFOPLIST_FILE = YES;
				INFOPLIST_KEY_UIApplicationSceneManifest_Generation = YES;
				INFOPLIST_KEY_UIApplicationSupportsIndirectInputEvents = YES;
				INFOPLIST_KEY_UILaunchScreen_Generation = YES;
				INFOPLIST_KEY_UISupportedInterfaceOrientations_iPad = "UIInterfaceOrientationPortrait UIInterfaceOrientationPortraitUpsideDown UIInterfaceOrientationLandscapeLeft UIInterfaceOrientationLandscapeRight";
				INFOPLIST_KEY_UISupportedInterfaceOrientations_iPhone = "UIInterfaceOrientationPortrait UIInterfaceOrientationLandscapeLeft UIInterfaceOrientationLandscapeRight";
				LD_RUNPATH_SEARCH_PATHS = (
					"$(inherited)",
					"@executable_path/Frameworks",
				);
				MARKETING_VERSION = 1.0;
				PRODUCT_BUNDLE_IDENTIFIER = com.maks.BoxModelDemo;
				PRODUCT_NAME = "$(TARGET_NAME)";
				SWIFT_EMIT_LOC_STRINGS = YES;
				SWIFT_VERSION = 5.0;
				TARGETED_DEVICE_FAMILY = "1,2";
			};
			name = Release;
		};
/* End XCBuildConfiguration section */

/* Begin XCConfigurationList section */
		E95E866F2AEBDE7500A3161B /* Build configuration list for PBXProject "BoxModelDemo" */ = {
			isa = XCConfigurationList;
			buildConfigurations = (
				E95E86802AEBDE7700A3161B /* Debug */,
				E95E86812AEBDE7700A3161B /* Release */,
			);
			defaultConfigurationIsVisible = 0;
			defaultConfigurationName = Release;
		};
		E95E86822AEBDE7700A3161B /* Build configuration list for PBXNativeTarget "BoxModelDemo" */ = {
			isa = XCConfigurationList;
			buildConfigurations = (
				E95E86832AEBDE7700A3161B /* Debug */,
				E95E86842AEBDE7700A3161B /* Release */,
			);
			defaultConfigurationIsVisible = 0;
			defaultConfigurationName = Release;
		};
/* End XCConfigurationList section */
	};
	rootObject = E95E866C2AEBDE7500A3161B /* Project object */;
}
